
Microsoft Visual Studio Solution File, Format Version 12.00
# Visual Studio Version 17
VisualStudioVersion = 17.0.31903.59
MinimumVisualStudioVersion = 10.0.40219.1
Project("{FAE04EC0-301F-11D3-BF4B-00C04F79EFBC}") = "ChildGuard.Core", "ChildGuard.Core\ChildGuard.Core.csproj", "{13F4A45A-86EF-4CAD-8ADC-B6B90449BE83}"
EndProject
Project("{FAE04EC0-301F-11D3-BF4B-00C04F79EFBC}") = "ChildGuard.Service", "ChildGuard.Service\ChildGuard.Service.csproj", "{8EE4802B-D269-4EB7-9A19-454C19A6534C}"
EndProject
Project("{FAE04EC0-301F-11D3-BF4B-00C04F79EFBC}") = "ChildGuard.Tray", "ChildGuard.Tray\ChildGuard.Tray.csproj", "{1C92D1CA-A425-4146-914B-9F0E2257ABFE}"
EndProject
Project("{FAE04EC0-301F-11D3-BF4B-00C04F79EFBC}") = "ChildGuard.Tests", "ChildGuard.Tests\ChildGuard.Tests.csproj", "{FEFC80A8-FFE3-4882-A643-06973B6D5AE8}"
EndProject
Global
	GlobalSection(SolutionConfigurationPlatforms) = preSolution
		Debug|Any CPU = Debug|Any CPU
		Debug|x64 = Debug|x64
		Debug|x86 = Debug|x86
		Release|Any CPU = Release|Any CPU
		Release|x64 = Release|x64
		Release|x86 = Release|x86
	EndGlobalSection
	GlobalSection(ProjectConfigurationPlatforms) = postSolution
		{13F4A45A-86EF-4CAD-8ADC-B6B90449BE83}.Debug|Any CPU.ActiveCfg = Debug|Any CPU
		{13F4A45A-86EF-4CAD-8ADC-B6B90449BE83}.Debug|Any CPU.Build.0 = Debug|Any CPU
		{13F4A45A-86EF-4CAD-8ADC-B6B90449BE83}.Debug|x64.ActiveCfg = Debug|Any CPU
		{13F4A45A-86EF-4CAD-8ADC-B6B90449BE83}.Debug|x64.Build.0 = Debug|Any CPU
		{13F4A45A-86EF-4CAD-8ADC-B6B90449BE83}.Debug|x86.ActiveCfg = Debug|Any CPU
		{13F4A45A-86EF-4CAD-8ADC-B6B90449BE83}.Debug|x86.Build.0 = Debug|Any CPU
		{13F4A45A-86EF-4CAD-8ADC-B6B90449BE83}.Release|Any CPU.ActiveCfg = Release|Any CPU
		{13F4A45A-86EF-4CAD-8ADC-B6B90449BE83}.Release|Any CPU.Build.0 = Release|Any CPU
		{13F4A45A-86EF-4CAD-8ADC-B6B90449BE83}.Release|x64.ActiveCfg = Release|Any CPU
		{13F4A45A-86EF-4CAD-8ADC-B6B90449BE83}.Release|x64.Build.0 = Release|Any CPU
		{13F4A45A-86EF-4CAD-8ADC-B6B90449BE83}.Release|x86.ActiveCfg = Release|Any CPU
		{13F4A45A-86EF-4CAD-8ADC-B6B90449BE83}.Release|x86.Build.0 = Release|Any CPU
		{8EE4802B-D269-4EB7-9A19-454C19A6534C}.Debug|Any CPU.ActiveCfg = Debug|Any CPU
		{8EE4802B-D269-4EB7-9A19-454C19A6534C}.Debug|Any CPU.Build.0 = Debug|Any CPU
		{8EE4802B-D269-4EB7-9A19-454C19A6534C}.Debug|x64.ActiveCfg = Debug|Any CPU
		{8EE4802B-D269-4EB7-9A19-454C19A6534C}.Debug|x64.Build.0 = Debug|Any CPU
		{8EE4802B-D269-4EB7-9A19-454C19A6534C}.Debug|x86.ActiveCfg = Debug|Any CPU
		{8EE4802B-D269-4EB7-9A19-454C19A6534C}.Debug|x86.Build.0 = Debug|Any CPU
		{8EE4802B-D269-4EB7-9A19-454C19A6534C}.Release|Any CPU.ActiveCfg = Release|Any CPU
		{8EE4802B-D269-4EB7-9A19-454C19A6534C}.Release|Any CPU.Build.0 = Release|Any CPU
		{8EE4802B-D269-4EB7-9A19-454C19A6534C}.Release|x64.ActiveCfg = Release|Any CPU
		{8EE4802B-D269-4EB7-9A19-454C19A6534C}.Release|x64.Build.0 = Release|Any CPU
		{8EE4802B-D269-4EB7-9A19-454C19A6534C}.Release|x86.ActiveCfg = Release|Any CPU
		{8EE4802B-D269-4EB7-9A19-454C19A6534C}.Release|x86.Build.0 = Release|Any CPU
		{1C92D1CA-A425-4146-914B-9F0E2257ABFE}.Debug|Any CPU.ActiveCfg = Debug|Any CPU
		{1C92D1CA-A425-4146-914B-9F0E2257ABFE}.Debug|Any CPU.Build.0 = Debug|Any CPU
		{1C92D1CA-A425-4146-914B-9F0E2257ABFE}.Debug|x64.ActiveCfg = Debug|Any CPU
		{1C92D1CA-A425-4146-914B-9F0E2257ABFE}.Debug|x64.Build.0 = Debug|Any CPU
		{1C92D1CA-A425-4146-914B-9F0E2257ABFE}.Debug|x86.ActiveCfg = Debug|Any CPU
		{1C92D1CA-A425-4146-914B-9F0E2257ABFE}.Debug|x86.Build.0 = Debug|Any CPU
		{1C92D1CA-A425-4146-914B-9F0E2257ABFE}.Release|Any CPU.ActiveCfg = Release|Any CPU
		{1C92D1CA-A425-4146-914B-9F0E2257ABFE}.Release|Any CPU.Build.0 = Release|Any CPU
		{1C92D1CA-A425-4146-914B-9F0E2257ABFE}.Release|x64.ActiveCfg = Release|Any CPU
		{1C92D1CA-A425-4146-914B-9F0E2257ABFE}.Release|x64.Build.0 = Release|Any CPU
		{1C92D1CA-A425-4146-914B-9F0E2257ABFE}.Release|x86.ActiveCfg = Release|Any CPU
		{1C92D1CA-A425-4146-914B-9F0E2257ABFE}.Release|x86.Build.0 = Release|Any CPU
		{FEFC80A8-FFE3-4882-A643-06973B6D5AE8}.Debug|Any CPU.ActiveCfg = Debug|Any CPU
		{FEFC80A8-FFE3-4882-A643-06973B6D5AE8}.Debug|Any CPU.Build.0 = Debug|Any CPU
		{FEFC80A8-FFE3-4882-A643-06973B6D5AE8}.Debug|x64.ActiveCfg = Debug|Any CPU
		{FEFC80A8-FFE3-4882-A643-06973B6D5AE8}.Debug|x64.Build.0 = Debug|Any CPU
		{FEFC80A8-FFE3-4882-A643-06973B6D5AE8}.Debug|x86.ActiveCfg = Debug|Any CPU
		{FEFC80A8-FFE3-4882-A643-06973B6D5AE8}.Debug|x86.Build.0 = Debug|Any CPU
		{FEFC80A8-FFE3-4882-A643-06973B6D5AE8}.Release|Any CPU.ActiveCfg = Release|Any CPU
		{FEFC80A8-FFE3-4882-A643-06973B6D5AE8}.Release|Any CPU.Build.0 = Release|Any CPU
		{FEFC80A8-FFE3-4882-A643-06973B6D5AE8}.Release|x64.ActiveCfg = Release|Any CPU
		{FEFC80A8-FFE3-4882-A643-06973B6D5AE8}.Release|x64.Build.0 = Release|Any CPU
		{FEFC80A8-FFE3-4882-A643-06973B6D5AE8}.Release|x86.ActiveCfg = Release|Any CPU
		{FEFC80A8-FFE3-4882-A643-06973B6D5AE8}.Release|x86.Build.0 = Release|Any CPU
	EndGlobalSection
	GlobalSection(SolutionProperties) = preSolution
		HideSolutionNode = FALSE
	EndGlobalSection
EndGlobal
